
Microsoft Visual Studio Solution File, Format Version 12.00
# Visual Studio Version 16
VisualStudioVersion = 16.0.30621.155
MinimumVisualStudioVersion = 10.0.40219.1
Project("{FAE04EC0-301F-11D3-BF4B-00C04F79EFBC}") = "TemplateControl", "TemplateControl\TemplateControl.csproj", "{982054A6-D0D5-4803-9696-F423CF570FD3}"
EndProject
Global
	GlobalSection(SolutionConfigurationPlatforms) = preSolution
		Debug|Any CPU = Debug|Any CPU
		Release|Any CPU = Release|Any CPU
	EndGlobalSection
	GlobalSection(ProjectConfigurationPlatforms) = postSolution
		{982054A6-D0D5-4803-9696-F423CF570FD3}.Debug|Any CPU.ActiveCfg = Debug|Any CPU
		{982054A6-D0D5-4803-9696-F423CF570FD3}.Debug|Any CPU.Build.0 = Debug|Any CPU
		{982054A6-D0D5-4803-9696-F423CF570FD3}.Release|Any CPU.ActiveCfg = Release|Any CPU
		{982054A6-D0D5-4803-9696-F423CF570FD3}.Release|Any CPU.Build.0 = Release|Any CPU
	EndGlobalSection
	GlobalSection(SolutionProperties) = preSolution
		HideSolutionNode = FALSE
	EndGlobalSection
	GlobalSection(ExtensibilityGlobals) = postSolution
		SolutionGuid = {4869E85F-BFC7-4E6F-9F74-62AE97596937}
	EndGlobalSection
EndGlobal
