
Microsoft Visual Studio Solution File, Format Version 12.00
# Visual Studio Version 16
VisualStudioVersion = 16.0.30621.155
MinimumVisualStudioVersion = 10.0.40219.1
Project("{FAE04EC0-301F-11D3-BF4B-00C04F79EFBC}") = "SlideButton", "SlideButton\SlideButton.csproj", "{131AAAEF-2B99-4B88-A1EE-3B048B825744}"
EndProject
Global
	GlobalSection(SolutionConfigurationPlatforms) = preSolution
		Debug|Any CPU = Debug|Any CPU
		Release|Any CPU = Release|Any CPU
	EndGlobalSection
	GlobalSection(ProjectConfigurationPlatforms) = postSolution
		{131AAAEF-2B99-4B88-A1EE-3B048B825744}.Debug|Any CPU.ActiveCfg = Debug|Any CPU
		{131AAAEF-2B99-4B88-A1EE-3B048B825744}.Debug|Any CPU.Build.0 = Debug|Any CPU
		{131AAAEF-2B99-4B88-A1EE-3B048B825744}.Release|Any CPU.ActiveCfg = Release|Any CPU
		{131AAAEF-2B99-4B88-A1EE-3B048B825744}.Release|Any CPU.Build.0 = Release|Any CPU
	EndGlobalSection
	GlobalSection(SolutionProperties) = preSolution
		HideSolutionNode = FALSE
	EndGlobalSection
	GlobalSection(ExtensibilityGlobals) = postSolution
		SolutionGuid = {937F840B-C5CE-44C0-8E3F-D27B3224C9F8}
	EndGlobalSection
EndGlobal
